
Microsoft Visual Studio Solution File, Format Version 12.00
# Visual Studio 15
VisualStudioVersion = 15.0.26206.0
MinimumVisualStudioVersion = 10.0.40219.1
Project("{FAE04EC0-301F-11D3-BF4B-00C04F79EFBC}") = "P3D-Legacy Launcher", "P3D-Legacy Launcher\P3D-Legacy Launcher.csproj", "{D2A9C01E-686F-4AEA-8B8C-5AE04387F0E0}"
EndProject
Project("{FAE04EC0-301F-11D3-BF4B-00C04F79EFBC}") = "P3D-Legacy Launcher Updater", "P3D-Legacy Launcher Updater\P3D-Legacy Launcher Updater.csproj", "{6EE47050-ED83-4944-ACBB-D7F74E8C14F3}"
EndProject
Project("{FAE04EC0-301F-11D3-BF4B-00C04F79EFBC}") = "P3D-Legacy Launcher UpdateInfoBuilder", "P3D-Legacy Launcher UpdateInfoBuilder\P3D-Legacy Launcher UpdateInfoBuilder.csproj", "{317AA66C-58E7-4005-9568-93CFAF5353CD}"
EndProject
Project("{FAE04EC0-301F-11D3-BF4B-00C04F79EFBC}") = "P3D-Legacy Shared", "P3D-Legacy-Shared\P3D-Legacy Shared.csproj", "{73FF082B-42B5-4E0C-A1A2-0B908FBA1406}"
EndProject
Global
	GlobalSection(SolutionConfigurationPlatforms) = preSolution
		Debug|Any CPU = Debug|Any CPU
		Release|Any CPU = Release|Any CPU
	EndGlobalSection
	GlobalSection(ProjectConfigurationPlatforms) = postSolution
		{D2A9C01E-686F-4AEA-8B8C-5AE04387F0E0}.Debug|Any CPU.ActiveCfg = Debug|Any CPU
		{D2A9C01E-686F-4AEA-8B8C-5AE04387F0E0}.Debug|Any CPU.Build.0 = Debug|Any CPU
		{D2A9C01E-686F-4AEA-8B8C-5AE04387F0E0}.Release|Any CPU.ActiveCfg = Release|Any CPU
		{D2A9C01E-686F-4AEA-8B8C-5AE04387F0E0}.Release|Any CPU.Build.0 = Release|Any CPU
		{6EE47050-ED83-4944-ACBB-D7F74E8C14F3}.Debug|Any CPU.ActiveCfg = Debug|Any CPU
		{6EE47050-ED83-4944-ACBB-D7F74E8C14F3}.Debug|Any CPU.Build.0 = Debug|Any CPU
		{6EE47050-ED83-4944-ACBB-D7F74E8C14F3}.Release|Any CPU.ActiveCfg = Release|Any CPU
		{6EE47050-ED83-4944-ACBB-D7F74E8C14F3}.Release|Any CPU.Build.0 = Release|Any CPU
		{317AA66C-58E7-4005-9568-93CFAF5353CD}.Debug|Any CPU.ActiveCfg = Debug|Any CPU
		{317AA66C-58E7-4005-9568-93CFAF5353CD}.Debug|Any CPU.Build.0 = Debug|Any CPU
		{317AA66C-58E7-4005-9568-93CFAF5353CD}.Release|Any CPU.ActiveCfg = Release|Any CPU
		{317AA66C-58E7-4005-9568-93CFAF5353CD}.Release|Any CPU.Build.0 = Release|Any CPU
		{73FF082B-42B5-4E0C-A1A2-0B908FBA1406}.Debug|Any CPU.ActiveCfg = Debug|Any CPU
		{73FF082B-42B5-4E0C-A1A2-0B908FBA1406}.Debug|Any CPU.Build.0 = Debug|Any CPU
		{73FF082B-42B5-4E0C-A1A2-0B908FBA1406}.Release|Any CPU.ActiveCfg = Release|Any CPU
		{73FF082B-42B5-4E0C-A1A2-0B908FBA1406}.Release|Any CPU.Build.0 = Release|Any CPU
	EndGlobalSection
	GlobalSection(SolutionProperties) = preSolution
		HideSolutionNode = FALSE
	EndGlobalSection
EndGlobal
